
Microsoft Visual Studio Solution File, Format Version 12.00
# Visual Studio Version 17
VisualStudioVersion = 17.8.34511.84
MinimumVisualStudioVersion = 10.0.40219.1
Project("{9A19103F-16F7-4668-BE54-9A1E7A4F7556}") = "Travel", "Travel\Travel.csproj", "{A3B54E0E-C083-41C4-B9FA-18302619D68B}"
EndProject
Global
	GlobalSection(SolutionConfigurationPlatforms) = preSolution
		Debug|Any CPU = Debug|Any CPU
		Release|Any CPU = Release|Any CPU
	EndGlobalSection
	GlobalSection(ProjectConfigurationPlatforms) = postSolution
		{A3B54E0E-C083-41C4-B9FA-18302619D68B}.Debug|Any CPU.ActiveCfg = Debug|Any CPU
		{A3B54E0E-C083-41C4-B9FA-18302619D68B}.Debug|Any CPU.Build.0 = Debug|Any CPU
		{A3B54E0E-C083-41C4-B9FA-18302619D68B}.Release|Any CPU.ActiveCfg = Release|Any CPU
		{A3B54E0E-C083-41C4-B9FA-18302619D68B}.Release|Any CPU.Build.0 = Release|Any CPU
	EndGlobalSection
	GlobalSection(SolutionProperties) = preSolution
		HideSolutionNode = FALSE
	EndGlobalSection
	GlobalSection(ExtensibilityGlobals) = postSolution
		SolutionGuid = {290B24B4-05A8-4A41-8B3B-215D49A88913}
	EndGlobalSection
EndGlobal
